
Microsoft Visual Studio Solution File, Format Version 12.00
# Visual Studio Version 17
VisualStudioVersion = 17.6.33723.286
MinimumVisualStudioVersion = 10.0.40219.1
Project("{9A19103F-16F7-4668-BE54-9A1E7A4F7556}") = "stack-queue-animal-shelter", "stack-queue-animal-shelter\stack-queue-animal-shelter.csproj", "{4F138C03-E884-4B8C-8D39-097AB0CE743A}"
EndProject
Project("{FAE04EC0-301F-11D3-BF4B-00C04F79EFBC}") = "TestProject1", "TestProject1\TestProject1.csproj", "{A62C1947-D358-4691-BBA0-1FE067D502E8}"
EndProject
Global
	GlobalSection(SolutionConfigurationPlatforms) = preSolution
		Debug|Any CPU = Debug|Any CPU
		Release|Any CPU = Release|Any CPU
	EndGlobalSection
	GlobalSection(ProjectConfigurationPlatforms) = postSolution
		{4F138C03-E884-4B8C-8D39-097AB0CE743A}.Debug|Any CPU.ActiveCfg = Debug|Any CPU
		{4F138C03-E884-4B8C-8D39-097AB0CE743A}.Debug|Any CPU.Build.0 = Debug|Any CPU
		{4F138C03-E884-4B8C-8D39-097AB0CE743A}.Release|Any CPU.ActiveCfg = Release|Any CPU
		{4F138C03-E884-4B8C-8D39-097AB0CE743A}.Release|Any CPU.Build.0 = Release|Any CPU
		{A62C1947-D358-4691-BBA0-1FE067D502E8}.Debug|Any CPU.ActiveCfg = Debug|Any CPU
		{A62C1947-D358-4691-BBA0-1FE067D502E8}.Debug|Any CPU.Build.0 = Debug|Any CPU
		{A62C1947-D358-4691-BBA0-1FE067D502E8}.Release|Any CPU.ActiveCfg = Release|Any CPU
		{A62C1947-D358-4691-BBA0-1FE067D502E8}.Release|Any CPU.Build.0 = Release|Any CPU
	EndGlobalSection
	GlobalSection(SolutionProperties) = preSolution
		HideSolutionNode = FALSE
	EndGlobalSection
	GlobalSection(ExtensibilityGlobals) = postSolution
		SolutionGuid = {2B9ACDCD-60DC-4B52-8992-3016A9E2B1F1}
	EndGlobalSection
EndGlobal
