
Microsoft Visual Studio Solution File, Format Version 12.00
# Visual Studio Version 17
VisualStudioVersion = 17.6.33723.286
MinimumVisualStudioVersion = 10.0.40219.1
Project("{FAE04EC0-301F-11D3-BF4B-00C04F79EFBC}") = "stack-and-queue", "stack-and-queue\stack-and-queue.csproj", "{D7D76AF2-9AE4-41B7-B3C7-E9F7D9EA87A6}"
EndProject
Project("{FAE04EC0-301F-11D3-BF4B-00C04F79EFBC}") = "Stack&QueueTest", "Stack&QueueTest\Stack&QueueTest.csproj", "{9C2AD155-B626-47A2-BE58-D59E216F3192}"
EndProject
Global
	GlobalSection(SolutionConfigurationPlatforms) = preSolution
		Debug|Any CPU = Debug|Any CPU
		Release|Any CPU = Release|Any CPU
	EndGlobalSection
	GlobalSection(ProjectConfigurationPlatforms) = postSolution
		{D7D76AF2-9AE4-41B7-B3C7-E9F7D9EA87A6}.Debug|Any CPU.ActiveCfg = Debug|Any CPU
		{D7D76AF2-9AE4-41B7-B3C7-E9F7D9EA87A6}.Debug|Any CPU.Build.0 = Debug|Any CPU
		{D7D76AF2-9AE4-41B7-B3C7-E9F7D9EA87A6}.Release|Any CPU.ActiveCfg = Release|Any CPU
		{D7D76AF2-9AE4-41B7-B3C7-E9F7D9EA87A6}.Release|Any CPU.Build.0 = Release|Any CPU
		{9C2AD155-B626-47A2-BE58-D59E216F3192}.Debug|Any CPU.ActiveCfg = Debug|Any CPU
		{9C2AD155-B626-47A2-BE58-D59E216F3192}.Debug|Any CPU.Build.0 = Debug|Any CPU
		{9C2AD155-B626-47A2-BE58-D59E216F3192}.Release|Any CPU.ActiveCfg = Release|Any CPU
		{9C2AD155-B626-47A2-BE58-D59E216F3192}.Release|Any CPU.Build.0 = Release|Any CPU
	EndGlobalSection
	GlobalSection(SolutionProperties) = preSolution
		HideSolutionNode = FALSE
	EndGlobalSection
	GlobalSection(ExtensibilityGlobals) = postSolution
		SolutionGuid = {3F392B99-3D93-40A1-BB63-183B723648E3}
	EndGlobalSection
EndGlobal
