
Microsoft Visual Studio Solution File, Format Version 12.00
# Visual Studio Version 17
VisualStudioVersion = 17.7.34009.444
MinimumVisualStudioVersion = 10.0.40219.1
Project("{FAE04EC0-301F-11D3-BF4B-00C04F79EFBC}") = "Hash_Table_Challenge", "Hash_Table_Challenge\Hash_Table_Challenge.csproj", "{082AFB27-5634-4867-9E49-D9CBD365C9F1}"
EndProject
Project("{FAE04EC0-301F-11D3-BF4B-00C04F79EFBC}") = "HashTable_Test", "HashTable_Test\HashTable_Test.csproj", "{CAA9F2AA-88E3-4BBA-A4EF-C6F17B0C7687}"
EndProject
Global
	GlobalSection(SolutionConfigurationPlatforms) = preSolution
		Debug|Any CPU = Debug|Any CPU
		Release|Any CPU = Release|Any CPU
	EndGlobalSection
	GlobalSection(ProjectConfigurationPlatforms) = postSolution
		{082AFB27-5634-4867-9E49-D9CBD365C9F1}.Debug|Any CPU.ActiveCfg = Debug|Any CPU
		{082AFB27-5634-4867-9E49-D9CBD365C9F1}.Debug|Any CPU.Build.0 = Debug|Any CPU
		{082AFB27-5634-4867-9E49-D9CBD365C9F1}.Release|Any CPU.ActiveCfg = Release|Any CPU
		{082AFB27-5634-4867-9E49-D9CBD365C9F1}.Release|Any CPU.Build.0 = Release|Any CPU
		{CAA9F2AA-88E3-4BBA-A4EF-C6F17B0C7687}.Debug|Any CPU.ActiveCfg = Debug|Any CPU
		{CAA9F2AA-88E3-4BBA-A4EF-C6F17B0C7687}.Debug|Any CPU.Build.0 = Debug|Any CPU
		{CAA9F2AA-88E3-4BBA-A4EF-C6F17B0C7687}.Release|Any CPU.ActiveCfg = Release|Any CPU
		{CAA9F2AA-88E3-4BBA-A4EF-C6F17B0C7687}.Release|Any CPU.Build.0 = Release|Any CPU
	EndGlobalSection
	GlobalSection(SolutionProperties) = preSolution
		HideSolutionNode = FALSE
	EndGlobalSection
	GlobalSection(ExtensibilityGlobals) = postSolution
		SolutionGuid = {5B66A8BB-37C0-4CD9-BC1A-C82A58827D68}
	EndGlobalSection
EndGlobal
